
Microsoft Visual Studio Solution File, Format Version 12.00
# Visual Studio 15
VisualStudioVersion = 15.0.27703.2000
MinimumVisualStudioVersion = 10.0.40219.1
Project("{8BC9CEB8-8B4A-11D0-8D11-00A0C91BC942}") = "Rhythm_game", "Rhythm_game\Rhythm_game.vcxproj", "{C388CA6B-5FBA-4F32-9609-49EF3AAC8410}"
EndProject
Global
	GlobalSection(SolutionConfigurationPlatforms) = preSolution
		Debug|x64 = Debug|x64
		Debug|x86 = Debug|x86
		Release|x64 = Release|x64
		Release|x86 = Release|x86
	EndGlobalSection
	GlobalSection(ProjectConfigurationPlatforms) = postSolution
		{C388CA6B-5FBA-4F32-9609-49EF3AAC8410}.Debug|x64.ActiveCfg = Debug|x64
		{C388CA6B-5FBA-4F32-9609-49EF3AAC8410}.Debug|x64.Build.0 = Debug|x64
		{C388CA6B-5FBA-4F32-9609-49EF3AAC8410}.Debug|x86.ActiveCfg = Debug|Win32
		{C388CA6B-5FBA-4F32-9609-49EF3AAC8410}.Debug|x86.Build.0 = Debug|Win32
		{C388CA6B-5FBA-4F32-9609-49EF3AAC8410}.Release|x64.ActiveCfg = Release|x64
		{C388CA6B-5FBA-4F32-9609-49EF3AAC8410}.Release|x64.Build.0 = Release|x64
		{C388CA6B-5FBA-4F32-9609-49EF3AAC8410}.Release|x86.ActiveCfg = Release|Win32
		{C388CA6B-5FBA-4F32-9609-49EF3AAC8410}.Release|x86.Build.0 = Release|Win32
	EndGlobalSection
	GlobalSection(SolutionProperties) = preSolution
		HideSolutionNode = FALSE
	EndGlobalSection
	GlobalSection(ExtensibilityGlobals) = postSolution
		SolutionGuid = {B84A0A18-5DD2-4DAF-8C34-E4BC268F8945}
	EndGlobalSection
EndGlobal
